// !$*UTF8*$!
{
	archiveVersion = 1;
	classes = {
	};
	objectVersion = 56;
	objects = {

/* Begin PBXBuildFile section */
		E376D8622C28904300163A13 /* Appetizer.swift in Sources */ = {isa = PBXBuildFile; fileRef = E376D8612C28904300163A13 /* Appetizer.swift */; };
		E376D8652C28B05400163A13 /* AppetizerListTile.swift in Sources */ = {isa = PBXBuildFile; fileRef = E376D8642C28B05400163A13 /* AppetizerListTile.swift */; };
		E376D8672C28B1B100163A13 /* NetworkManager.swift in Sources */ = {isa = PBXBuildFile; fileRef = E376D8662C28B1B100163A13 /* NetworkManager.swift */; };
		E376D8692C28B48700163A13 /* APError.swift in Sources */ = {isa = PBXBuildFile; fileRef = E376D8682C28B48700163A13 /* APError.swift */; };
		E376D86B2C28C60200163A13 /* AppetizerViewModel.swift in Sources */ = {isa = PBXBuildFile; fileRef = E376D86A2C28C60100163A13 /* AppetizerViewModel.swift */; };
		E38744202C28895A000916FF /* Appetizers_SwiftUIApp.swift in Sources */ = {isa = PBXBuildFile; fileRef = E387441F2C28895A000916FF /* Appetizers_SwiftUIApp.swift */; };
		E38744222C28895A000916FF /* AppetizersTabView.swift in Sources */ = {isa = PBXBuildFile; fileRef = E38744212C28895A000916FF /* AppetizersTabView.swift */; };
		E38744242C28895B000916FF /* Assets.xcassets in Resources */ = {isa = PBXBuildFile; fileRef = E38744232C28895B000916FF /* Assets.xcassets */; };
		E38744272C28895B000916FF /* Preview Assets.xcassets in Resources */ = {isa = PBXBuildFile; fileRef = E38744262C28895B000916FF /* Preview Assets.xcassets */; };
		E387442E2C28898A000916FF /* AppetizersView.swift in Sources */ = {isa = PBXBuildFile; fileRef = E387442D2C28898A000916FF /* AppetizersView.swift */; };
		E38744302C28899A000916FF /* OrderView.swift in Sources */ = {isa = PBXBuildFile; fileRef = E387442F2C28899A000916FF /* OrderView.swift */; };
		E38744322C2889AE000916FF /* AccountView.swift in Sources */ = {isa = PBXBuildFile; fileRef = E38744312C2889AE000916FF /* AccountView.swift */; };
/* End PBXBuildFile section */

/* Begin PBXFileReference section */
		E376D8612C28904300163A13 /* Appetizer.swift */ = {isa = PBXFileReference; lastKnownFileType = sourcecode.swift; path = Appetizer.swift; sourceTree = "<group>"; };
		E376D8642C28B05400163A13 /* AppetizerListTile.swift */ = {isa = PBXFileReference; lastKnownFileType = sourcecode.swift; path = AppetizerListTile.swift; sourceTree = "<group>"; };
		E376D8662C28B1B100163A13 /* NetworkManager.swift */ = {isa = PBXFileReference; lastKnownFileType = sourcecode.swift; path = NetworkManager.swift; sourceTree = "<group>"; };
		E376D8682C28B48700163A13 /* APError.swift */ = {isa = PBXFileReference; lastKnownFileType = sourcecode.swift; path = APError.swift; sourceTree = "<group>"; };
		E376D86A2C28C60100163A13 /* AppetizerViewModel.swift */ = {isa = PBXFileReference; lastKnownFileType = sourcecode.swift; path = AppetizerViewModel.swift; sourceTree = "<group>"; };
		E387441C2C28895A000916FF /* Appetizers-SwiftUI.app */ = {isa = PBXFileReference; explicitFileType = wrapper.application; includeInIndex = 0; path = "Appetizers-SwiftUI.app"; sourceTree = BUILT_PRODUCTS_DIR; };
		E387441F2C28895A000916FF /* Appetizers_SwiftUIApp.swift */ = {isa = PBXFileReference; lastKnownFileType = sourcecode.swift; path = Appetizers_SwiftUIApp.swift; sourceTree = "<group>"; };
		E38744212C28895A000916FF /* AppetizersTabView.swift */ = {isa = PBXFileReference; lastKnownFileType = sourcecode.swift; path = AppetizersTabView.swift; sourceTree = "<group>"; };
		E38744232C28895B000916FF /* Assets.xcassets */ = {isa = PBXFileReference; lastKnownFileType = folder.assetcatalog; path = Assets.xcassets; sourceTree = "<group>"; };
		E38744262C28895B000916FF /* Preview Assets.xcassets */ = {isa = PBXFileReference; lastKnownFileType = folder.assetcatalog; path = "Preview Assets.xcassets"; sourceTree = "<group>"; };
		E387442D2C28898A000916FF /* AppetizersView.swift */ = {isa = PBXFileReference; lastKnownFileType = sourcecode.swift; path = AppetizersView.swift; sourceTree = "<group>"; };
		E387442F2C28899A000916FF /* OrderView.swift */ = {isa = PBXFileReference; lastKnownFileType = sourcecode.swift; path = OrderView.swift; sourceTree = "<group>"; };
		E38744312C2889AE000916FF /* AccountView.swift */ = {isa = PBXFileReference; lastKnownFileType = sourcecode.swift; path = AccountView.swift; sourceTree = "<group>"; };
/* End PBXFileReference section */

/* Begin PBXFrameworksBuildPhase section */
		E38744192C28895A000916FF /* Frameworks */ = {
			isa = PBXFrameworksBuildPhase;
			buildActionMask = 2147483647;
			files = (
			);
			runOnlyForDeploymentPostprocessing = 0;
		};
/* End PBXFrameworksBuildPhase section */

/* Begin PBXGroup section */
		E38744132C288959000916FF = {
			isa = PBXGroup;
			children = (
				E387441E2C28895A000916FF /* Appetizers-SwiftUI */,
				E387441D2C28895A000916FF /* Products */,
			);
			sourceTree = "<group>";
		};
		E387441D2C28895A000916FF /* Products */ = {
			isa = PBXGroup;
			children = (
				E387441C2C28895A000916FF /* Appetizers-SwiftUI.app */,
			);
			name = Products;
			sourceTree = "<group>";
		};
		E387441E2C28895A000916FF /* Appetizers-SwiftUI */ = {
			isa = PBXGroup;
			children = (
				E387441F2C28895A000916FF /* Appetizers_SwiftUIApp.swift */,
				E38744212C28895A000916FF /* AppetizersTabView.swift */,
				E387442D2C28898A000916FF /* AppetizersView.swift */,
				E387442F2C28899A000916FF /* OrderView.swift */,
				E38744312C2889AE000916FF /* AccountView.swift */,
				E376D8642C28B05400163A13 /* AppetizerListTile.swift */,
				E376D8612C28904300163A13 /* Appetizer.swift */,
				E38744232C28895B000916FF /* Assets.xcassets */,
				E38744252C28895B000916FF /* Preview Content */,
				E376D8662C28B1B100163A13 /* NetworkManager.swift */,
				E376D8682C28B48700163A13 /* APError.swift */,
				E376D86A2C28C60100163A13 /* AppetizerViewModel.swift */,
			);
			path = "Appetizers-SwiftUI";
			sourceTree = "<group>";
		};
		E38744252C28895B000916FF /* Preview Content */ = {
			isa = PBXGroup;
			children = (
				E38744262C28895B000916FF /* Preview Assets.xcassets */,
			);
			path = "Preview Content";
			sourceTree = "<group>";
		};
/* End PBXGroup section */

/* Begin PBXNativeTarget section */
		E387441B2C28895A000916FF /* Appetizers-SwiftUI */ = {
			isa = PBXNativeTarget;
			buildConfigurationList = E387442A2C28895B000916FF /* Build configuration list for PBXNativeTarget "Appetizers-SwiftUI" */;
			buildPhases = (
				E38744182C28895A000916FF /* Sources */,
				E38744192C28895A000916FF /* Frameworks */,
				E387441A2C28895A000916FF /* Resources */,
			);
			buildRules = (
			);
			dependencies = (
			);
			name = "Appetizers-SwiftUI";
			productName = "Appetizers-SwiftUI";
			productReference = E387441C2C28895A000916FF /* Appetizers-SwiftUI.app */;
			productType = "com.apple.product-type.application";
		};
/* End PBXNativeTarget section */

/* Begin PBXProject section */
		E38744142C288959000916FF /* Project object */ = {
			isa = PBXProject;
			attributes = {
				BuildIndependentTargetsInParallel = 1;
				LastSwiftUpdateCheck = 1540;
				LastUpgradeCheck = 1540;
				TargetAttributes = {
					E387441B2C28895A000916FF = {
						CreatedOnToolsVersion = 15.4;
					};
				};
			};
			buildConfigurationList = E38744172C288959000916FF /* Build configuration list for PBXProject "Appetizers-SwiftUI" */;
			compatibilityVersion = "Xcode 14.0";
			developmentRegion = en;
			hasScannedForEncodings = 0;
			knownRegions = (
				en,
				Base,
			);
			mainGroup = E38744132C288959000916FF;
			productRefGroup = E387441D2C28895A000916FF /* Products */;
			projectDirPath = "";
			projectRoot = "";
			targets = (
				E387441B2C28895A000916FF /* Appetizers-SwiftUI */,
			);
		};
/* End PBXProject section */

/* Begin PBXResourcesBuildPhase section */
		E387441A2C28895A000916FF /* Resources */ = {
			isa = PBXResourcesBuildPhase;
			buildActionMask = 2147483647;
			files = (
				E38744272C28895B000916FF /* Preview Assets.xcassets in Resources */,
				E38744242C28895B000916FF /* Assets.xcassets in Resources */,
			);
			runOnlyForDeploymentPostprocessing = 0;
		};
/* End PBXResourcesBuildPhase section */

/* Begin PBXSourcesBuildPhase section */
		E38744182C28895A000916FF /* Sources */ = {
			isa = PBXSourcesBuildPhase;
			buildActionMask = 2147483647;
			files = (
				E376D8622C28904300163A13 /* Appetizer.swift in Sources */,
				E376D8692C28B48700163A13 /* APError.swift in Sources */,
				E387442E2C28898A000916FF /* AppetizersView.swift in Sources */,
				E376D8652C28B05400163A13 /* AppetizerListTile.swift in Sources */,
				E38744302C28899A000916FF /* OrderView.swift in Sources */,
				E376D8672C28B1B100163A13 /* NetworkManager.swift in Sources */,
				E38744222C28895A000916FF /* AppetizersTabView.swift in Sources */,
				E376D86B2C28C60200163A13 /* AppetizerViewModel.swift in Sources */,
				E38744202C28895A000916FF /* Appetizers_SwiftUIApp.swift in Sources */,
				E38744322C2889AE000916FF /* AccountView.swift in Sources */,
			);
			runOnlyForDeploymentPostprocessing = 0;
		};
/* End PBXSourcesBuildPhase section */

/* Begin XCBuildConfiguration section */
		E38744282C28895B000916FF /* Debug */ = {
			isa = XCBuildConfiguration;
			buildSettings = {
				ALWAYS_SEARCH_USER_PATHS = NO;
				ASSETCATALOG_COMPILER_GENERATE_SWIFT_ASSET_SYMBOL_EXTENSIONS = YES;
				CLANG_ANALYZER_NONNULL = YES;
				CLANG_ANALYZER_NUMBER_OBJECT_CONVERSION = YES_AGGRESSIVE;
				CLANG_CXX_LANGUAGE_STANDARD = "gnu++20";
				CLANG_ENABLE_MODULES = YES;
				CLANG_ENABLE_OBJC_ARC = YES;
				CLANG_ENABLE_OBJC_WEAK = YES;
				CLANG_WARN_BLOCK_CAPTURE_AUTORELEASING = YES;
				CLANG_WARN_BOOL_CONVERSION = YES;
				CLANG_WARN_COMMA = YES;
				CLANG_WARN_CONSTANT_CONVERSION = YES;
				CLANG_WARN_DEPRECATED_OBJC_IMPLEMENTATIONS = YES;
				CLANG_WARN_DIRECT_OBJC_ISA_USAGE = YES_ERROR;
				CLANG_WARN_DOCUMENTATION_COMMENTS = YES;
				CLANG_WARN_EMPTY_BODY = YES;
				CLANG_WARN_ENUM_CONVERSION = YES;
				CLANG_WARN_INFINITE_RECURSION = YES;
				CLANG_WARN_INT_CONVERSION = YES;
				CLANG_WARN_NON_LITERAL_NULL_CONVERSION = YES;
				CLANG_WARN_OBJC_IMPLICIT_RETAIN_SELF = YES;
				CLANG_WARN_OBJC_LITERAL_CONVERSION = YES;
				CLANG_WARN_OBJC_ROOT_CLASS = YES_ERROR;
				CLANG_WARN_QUOTED_INCLUDE_IN_FRAMEWORK_HEADER = YES;
				CLANG_WARN_RANGE_LOOP_ANALYSIS = YES;
				CLANG_WARN_STRICT_PROTOTYPES = YES;
				CLANG_WARN_SUSPICIOUS_MOVE = YES;
				CLANG_WARN_UNGUARDED_AVAILABILITY = YES_AGGRESSIVE;
				CLANG_WARN_UNREACHABLE_CODE = YES;
				CLANG_WARN__DUPLICATE_METHOD_MATCH = YES;
				COPY_PHASE_STRIP = NO;
				DEBUG_INFORMATION_FORMAT = dwarf;
				ENABLE_STRICT_OBJC_MSGSEND = YES;
				ENABLE_TESTABILITY = YES;
				ENABLE_USER_SCRIPT_SANDBOXING = YES;
				GCC_C_LANGUAGE_STANDARD = gnu17;
				GCC_DYNAMIC_NO_PIC = NO;
				GCC_NO_COMMON_BLOCKS = YES;
				GCC_OPTIMIZATION_LEVEL = 0;
				GCC_PREPROCESSOR_DEFINITIONS = (
					"DEBUG=1",
					"$(inherited)",
				);
				GCC_WARN_64_TO_32_BIT_CONVERSION = YES;
				GCC_WARN_ABOUT_RETURN_TYPE = YES_ERROR;
				GCC_WARN_UNDECLARED_SELECTOR = YES;
				GCC_WARN_UNINITIALIZED_AUTOS = YES_AGGRESSIVE;
				GCC_WARN_UNUSED_FUNCTION = YES;
				GCC_WARN_UNUSED_VARIABLE = YES;
				IPHONEOS_DEPLOYMENT_TARGET = 17.5;
				LOCALIZATION_PREFERS_STRING_CATALOGS = YES;
				MTL_ENABLE_DEBUG_INFO = INCLUDE_SOURCE;
				MTL_FAST_MATH = YES;
				ONLY_ACTIVE_ARCH = YES;
				SDKROOT = iphoneos;
				SWIFT_ACTIVE_COMPILATION_CONDITIONS = "DEBUG $(inherited)";
				SWIFT_OPTIMIZATION_LEVEL = "-Onone";
			};
			name = Debug;
		};
		E38744292C28895B000916FF /* Release */ = {
			isa = XCBuildConfiguration;
			buildSettings = {
				ALWAYS_SEARCH_USER_PATHS = NO;
				ASSETCATALOG_COMPILER_GENERATE_SWIFT_ASSET_SYMBOL_EXTENSIONS = YES;
				CLANG_ANALYZER_NONNULL = YES;
				CLANG_ANALYZER_NUMBER_OBJECT_CONVERSION = YES_AGGRESSIVE;
				CLANG_CXX_LANGUAGE_STANDARD = "gnu++20";
				CLANG_ENABLE_MODULES = YES;
				CLANG_ENABLE_OBJC_ARC = YES;
				CLANG_ENABLE_OBJC_WEAK = YES;
				CLANG_WARN_BLOCK_CAPTURE_AUTORELEASING = YES;
				CLANG_WARN_BOOL_CONVERSION = YES;
				CLANG_WARN_COMMA = YES;
				CLANG_WARN_CONSTANT_CONVERSION = YES;
				CLANG_WARN_DEPRECATED_OBJC_IMPLEMENTATIONS = YES;
				CLANG_WARN_DIRECT_OBJC_ISA_USAGE = YES_ERROR;
				CLANG_WARN_DOCUMENTATION_COMMENTS = YES;
				CLANG_WARN_EMPTY_BODY = YES;
				CLANG_WARN_ENUM_CONVERSION = YES;
				CLANG_WARN_INFINITE_RECURSION = YES;
				CLANG_WARN_INT_CONVERSION = YES;
				CLANG_WARN_NON_LITERAL_NULL_CONVERSION = YES;
				CLANG_WARN_OBJC_IMPLICIT_RETAIN_SELF = YES;
				CLANG_WARN_OBJC_LITERAL_CONVERSION = YES;
				CLANG_WARN_OBJC_ROOT_CLASS = YES_ERROR;
				CLANG_WARN_QUOTED_INCLUDE_IN_FRAMEWORK_HEADER = YES;
				CLANG_WARN_RANGE_LOOP_ANALYSIS = YES;
				CLANG_WARN_STRICT_PROTOTYPES = YES;
				CLANG_WARN_SUSPICIOUS_MOVE = YES;
				CLANG_WARN_UNGUARDED_AVAILABILITY = YES_AGGRESSIVE;
				CLANG_WARN_UNREACHABLE_CODE = YES;
				CLANG_WARN__DUPLICATE_METHOD_MATCH = YES;
				COPY_PHASE_STRIP = NO;
				DEBUG_INFORMATION_FORMAT = "dwarf-with-dsym";
				ENABLE_NS_ASSERTIONS = NO;
				ENABLE_STRICT_OBJC_MSGSEND = YES;
				ENABLE_USER_SCRIPT_SANDBOXING = YES;
				GCC_C_LANGUAGE_STANDARD = gnu17;
				GCC_NO_COMMON_BLOCKS = YES;
				GCC_WARN_64_TO_32_BIT_CONVERSION = YES;
				GCC_WARN_ABOUT_RETURN_TYPE = YES_ERROR;
				GCC_WARN_UNDECLARED_SELECTOR = YES;
				GCC_WARN_UNINITIALIZED_AUTOS = YES_AGGRESSIVE;
				GCC_WARN_UNUSED_FUNCTION = YES;
				GCC_WARN_UNUSED_VARIABLE = YES;
				IPHONEOS_DEPLOYMENT_TARGET = 17.5;
				LOCALIZATION_PREFERS_STRING_CATALOGS = YES;
				MTL_ENABLE_DEBUG_INFO = NO;
				MTL_FAST_MATH = YES;
				SDKROOT = iphoneos;
				SWIFT_COMPILATION_MODE = wholemodule;
				VALIDATE_PRODUCT = YES;
			};
			name = Release;
		};
		E387442B2C28895B000916FF /* Debug */ = {
			isa = XCBuildConfiguration;
			buildSettings = {
				ASSETCATALOG_COMPILER_APPICON_NAME = AppIcon;
				ASSETCATALOG_COMPILER_GLOBAL_ACCENT_COLOR_NAME = AccentColor;
				CODE_SIGN_STYLE = Automatic;
				CURRENT_PROJECT_VERSION = 1;
				DEVELOPMENT_ASSET_PATHS = "\"Appetizers-SwiftUI/Preview Content\"";
				DEVELOPMENT_TEAM = 5Q64MYSBHB;
				ENABLE_PREVIEWS = YES;
				GENERATE_INFOPLIST_FILE = YES;
				INFOPLIST_KEY_UIApplicationSceneManifest_Generation = YES;
				INFOPLIST_KEY_UIApplicationSupportsIndirectInputEvents = YES;
				INFOPLIST_KEY_UILaunchScreen_Generation = YES;
				INFOPLIST_KEY_UISupportedInterfaceOrientations_iPad = "UIInterfaceOrientationPortrait UIInterfaceOrientationPortraitUpsideDown UIInterfaceOrientationLandscapeLeft UIInterfaceOrientationLandscapeRight";
				INFOPLIST_KEY_UISupportedInterfaceOrientations_iPhone = "UIInterfaceOrientationPortrait UIInterfaceOrientationLandscapeLeft UIInterfaceOrientationLandscapeRight";
				LD_RUNPATH_SEARCH_PATHS = (
					"$(inherited)",
					"@executable_path/Frameworks",
				);
				MARKETING_VERSION = 1.0;
				PRODUCT_BUNDLE_IDENTIFIER = "com.kheirollahimahan.Appetizers-SwiftUI";
				PRODUCT_NAME = "$(TARGET_NAME)";
				SWIFT_EMIT_LOC_STRINGS = YES;
				SWIFT_VERSION = 5.0;
				TARGETED_DEVICE_FAMILY = "1,2";
			};
			name = Debug;
		};
		E387442C2C28895B000916FF /* Release */ = {
			isa = XCBuildConfiguration;
			buildSettings = {
				ASSETCATALOG_COMPILER_APPICON_NAME = AppIcon;
				ASSETCATALOG_COMPILER_GLOBAL_ACCENT_COLOR_NAME = AccentColor;
				CODE_SIGN_STYLE = Automatic;
				CURRENT_PROJECT_VERSION = 1;
				DEVELOPMENT_ASSET_PATHS = "\"Appetizers-SwiftUI/Preview Content\"";
				DEVELOPMENT_TEAM = 5Q64MYSBHB;
				ENABLE_PREVIEWS = YES;
				GENERATE_INFOPLIST_FILE = YES;
				INFOPLIST_KEY_UIApplicationSceneManifest_Generation = YES;
				INFOPLIST_KEY_UIApplicationSupportsIndirectInputEvents = YES;
				INFOPLIST_KEY_UILaunchScreen_Generation = YES;
				INFOPLIST_KEY_UISupportedInterfaceOrientations_iPad = "UIInterfaceOrientationPortrait UIInterfaceOrientationPortraitUpsideDown UIInterfaceOrientationLandscapeLeft UIInterfaceOrientationLandscapeRight";
				INFOPLIST_KEY_UISupportedInterfaceOrientations_iPhone = "UIInterfaceOrientationPortrait UIInterfaceOrientationLandscapeLeft UIInterfaceOrientationLandscapeRight";
				LD_RUNPATH_SEARCH_PATHS = (
					"$(inherited)",
					"@executable_path/Frameworks",
				);
				MARKETING_VERSION = 1.0;
				PRODUCT_BUNDLE_IDENTIFIER = "com.kheirollahimahan.Appetizers-SwiftUI";
				PRODUCT_NAME = "$(TARGET_NAME)";
				SWIFT_EMIT_LOC_STRINGS = YES;
				SWIFT_VERSION = 5.0;
				TARGETED_DEVICE_FAMILY = "1,2";
			};
			name = Release;
		};
/* End XCBuildConfiguration section */

/* Begin XCConfigurationList section */
		E38744172C288959000916FF /* Build configuration list for PBXProject "Appetizers-SwiftUI" */ = {
			isa = XCConfigurationList;
			buildConfigurations = (
				E38744282C28895B000916FF /* Debug */,
				E38744292C28895B000916FF /* Release */,
			);
			defaultConfigurationIsVisible = 0;
			defaultConfigurationName = Release;
		};
		E387442A2C28895B000916FF /* Build configuration list for PBXNativeTarget "Appetizers-SwiftUI" */ = {
			isa = XCConfigurationList;
			buildConfigurations = (
				E387442B2C28895B000916FF /* Debug */,
				E387442C2C28895B000916FF /* Release */,
			);
			defaultConfigurationIsVisible = 0;
			defaultConfigurationName = Release;
		};
/* End XCConfigurationList section */
	};
	rootObject = E38744142C288959000916FF /* Project object */;
}
